// !$*UTF8*$!
{
	archiveVersion = 1;
	classes = {
	};
	objectVersion = 56;
	objects = {

/* Begin PBXBuildFile section */
		863F40572D57C2A7004D7016 /* AppDelegate.swift in Sources */ = {isa = PBXBuildFile; fileRef = 863F40562D57C2A7004D7016 /* AppDelegate.swift */; };
		863F40592D57C2A7004D7016 /* SceneDelegate.swift in Sources */ = {isa = PBXBuildFile; fileRef = 863F40582D57C2A7004D7016 /* SceneDelegate.swift */; };
		863F405B2D57C2A7004D7016 /* ViewController.swift in Sources */ = {isa = PBXBuildFile; fileRef = 863F405A2D57C2A7004D7016 /* ViewController.swift */; };
		863F405E2D57C2A7004D7016 /* Main.storyboard in Resources */ = {isa = PBXBuildFile; fileRef = 863F405C2D57C2A7004D7016 /* Main.storyboard */; };
		863F40602D57C2A7004D7016 /* Assets.xcassets in Resources */ = {isa = PBXBuildFile; fileRef = 863F405F2D57C2A7004D7016 /* Assets.xcassets */; };
		863F40632D57C2A7004D7016 /* LaunchScreen.storyboard in Resources */ = {isa = PBXBuildFile; fileRef = 863F40612D57C2A7004D7016 /* LaunchScreen.storyboard */; };
		863F406E2D57C2A7004D7016 /* CoverUp_Tests.swift in Sources */ = {isa = PBXBuildFile; fileRef = 863F406D2D57C2A7004D7016 /* CoverUp_Tests.swift */; };
		863F40782D57C2A7004D7016 /* CoverUp_UITests.swift in Sources */ = {isa = PBXBuildFile; fileRef = 863F40772D57C2A7004D7016 /* CoverUp_UITests.swift */; };
		863F407A2D57C2A7004D7016 /* CoverUp_UITestsLaunchTests.swift in Sources */ = {isa = PBXBuildFile; fileRef = 863F40792D57C2A7004D7016 /* CoverUp_UITestsLaunchTests.swift */; };
/* End PBXBuildFile section */

/* Begin PBXContainerItemProxy section */
		863F406A2D57C2A7004D7016 /* PBXContainerItemProxy */ = {
			isa = PBXContainerItemProxy;
			containerPortal = 863F404B2D57C2A6004D7016 /* Project object */;
			proxyType = 1;
			remoteGlobalIDString = 863F40522D57C2A7004D7016;
			remoteInfo = "CoverUp!";
		};
		863F40742D57C2A7004D7016 /* PBXContainerItemProxy */ = {
			isa = PBXContainerItemProxy;
			containerPortal = 863F404B2D57C2A6004D7016 /* Project object */;
			proxyType = 1;
			remoteGlobalIDString = 863F40522D57C2A7004D7016;
			remoteInfo = "CoverUp!";
		};
/* End PBXContainerItemProxy section */

/* Begin PBXFileReference section */
		863F40532D57C2A7004D7016 /* CoverUp!.app */ = {isa = PBXFileReference; explicitFileType = wrapper.application; includeInIndex = 0; path = "CoverUp!.app"; sourceTree = BUILT_PRODUCTS_DIR; };
		863F40562D57C2A7004D7016 /* AppDelegate.swift */ = {isa = PBXFileReference; lastKnownFileType = sourcecode.swift; path = AppDelegate.swift; sourceTree = "<group>"; };
		863F40582D57C2A7004D7016 /* SceneDelegate.swift */ = {isa = PBXFileReference; lastKnownFileType = sourcecode.swift; path = SceneDelegate.swift; sourceTree = "<group>"; };
		863F405A2D57C2A7004D7016 /* ViewController.swift */ = {isa = PBXFileReference; lastKnownFileType = sourcecode.swift; path = ViewController.swift; sourceTree = "<group>"; };
		863F405D2D57C2A7004D7016 /* Base */ = {isa = PBXFileReference; lastKnownFileType = file.storyboard; name = Base; path = Base.lproj/Main.storyboard; sourceTree = "<group>"; };
		863F405F2D57C2A7004D7016 /* Assets.xcassets */ = {isa = PBXFileReference; lastKnownFileType = folder.assetcatalog; path = Assets.xcassets; sourceTree = "<group>"; };
		863F40622D57C2A7004D7016 /* Base */ = {isa = PBXFileReference; lastKnownFileType = file.storyboard; name = Base; path = Base.lproj/LaunchScreen.storyboard; sourceTree = "<group>"; };
		863F40642D57C2A7004D7016 /* Info.plist */ = {isa = PBXFileReference; lastKnownFileType = text.plist.xml; path = Info.plist; sourceTree = "<group>"; };
		863F40692D57C2A7004D7016 /* CoverUp!Tests.xctest */ = {isa = PBXFileReference; explicitFileType = wrapper.cfbundle; includeInIndex = 0; path = "CoverUp!Tests.xctest"; sourceTree = BUILT_PRODUCTS_DIR; };
		863F406D2D57C2A7004D7016 /* CoverUp_Tests.swift */ = {isa = PBXFileReference; lastKnownFileType = sourcecode.swift; path = CoverUp_Tests.swift; sourceTree = "<group>"; };
		863F40732D57C2A7004D7016 /* CoverUp!UITests.xctest */ = {isa = PBXFileReference; explicitFileType = wrapper.cfbundle; includeInIndex = 0; path = "CoverUp!UITests.xctest"; sourceTree = BUILT_PRODUCTS_DIR; };
		863F40772D57C2A7004D7016 /* CoverUp_UITests.swift */ = {isa = PBXFileReference; lastKnownFileType = sourcecode.swift; path = CoverUp_UITests.swift; sourceTree = "<group>"; };
		863F40792D57C2A7004D7016 /* CoverUp_UITestsLaunchTests.swift */ = {isa = PBXFileReference; lastKnownFileType = sourcecode.swift; path = CoverUp_UITestsLaunchTests.swift; sourceTree = "<group>"; };
/* End PBXFileReference section */

/* Begin PBXFrameworksBuildPhase section */
		863F40502D57C2A7004D7016 /* Frameworks */ = {
			isa = PBXFrameworksBuildPhase;
			buildActionMask = 2147483647;
			files = (
			);
			runOnlyForDeploymentPostprocessing = 0;
		};
		863F40662D57C2A7004D7016 /* Frameworks */ = {
			isa = PBXFrameworksBuildPhase;
			buildActionMask = 2147483647;
			files = (
			);
			runOnlyForDeploymentPostprocessing = 0;
		};
		863F40702D57C2A7004D7016 /* Frameworks */ = {
			isa = PBXFrameworksBuildPhase;
			buildActionMask = 2147483647;
			files = (
			);
			runOnlyForDeploymentPostprocessing = 0;
		};
/* End PBXFrameworksBuildPhase section */

/* Begin PBXGroup section */
		863F404A2D57C2A6004D7016 = {
			isa = PBXGroup;
			children = (
				863F40552D57C2A7004D7016 /* CoverUp! */,
				863F406C2D57C2A7004D7016 /* CoverUp!Tests */,
				863F40762D57C2A7004D7016 /* CoverUp!UITests */,
				863F40542D57C2A7004D7016 /* Products */,
			);
			sourceTree = "<group>";
		};
		863F40542D57C2A7004D7016 /* Products */ = {
			isa = PBXGroup;
			children = (
				863F40532D57C2A7004D7016 /* CoverUp!.app */,
				863F40692D57C2A7004D7016 /* CoverUp!Tests.xctest */,
				863F40732D57C2A7004D7016 /* CoverUp!UITests.xctest */,
			);
			name = Products;
			sourceTree = "<group>";
		};
		863F40552D57C2A7004D7016 /* CoverUp! */ = {
			isa = PBXGroup;
			children = (
				863F40562D57C2A7004D7016 /* AppDelegate.swift */,
				863F40582D57C2A7004D7016 /* SceneDelegate.swift */,
				863F405A2D57C2A7004D7016 /* ViewController.swift */,
				863F405C2D57C2A7004D7016 /* Main.storyboard */,
				863F405F2D57C2A7004D7016 /* Assets.xcassets */,
				863F40612D57C2A7004D7016 /* LaunchScreen.storyboard */,
				863F40642D57C2A7004D7016 /* Info.plist */,
			);
			path = "CoverUp!";
			sourceTree = "<group>";
		};
		863F406C2D57C2A7004D7016 /* CoverUp!Tests */ = {
			isa = PBXGroup;
			children = (
				863F406D2D57C2A7004D7016 /* CoverUp_Tests.swift */,
			);
			path = "CoverUp!Tests";
			sourceTree = "<group>";
		};
		863F40762D57C2A7004D7016 /* CoverUp!UITests */ = {
			isa = PBXGroup;
			children = (
				863F40772D57C2A7004D7016 /* CoverUp_UITests.swift */,
				863F40792D57C2A7004D7016 /* CoverUp_UITestsLaunchTests.swift */,
			);
			path = "CoverUp!UITests";
			sourceTree = "<group>";
		};
/* End PBXGroup section */

/* Begin PBXNativeTarget section */
		863F40522D57C2A7004D7016 /* CoverUp! */ = {
			isa = PBXNativeTarget;
			buildConfigurationList = 863F407D2D57C2A7004D7016 /* Build configuration list for PBXNativeTarget "CoverUp!" */;
			buildPhases = (
				863F404F2D57C2A7004D7016 /* Sources */,
				863F40502D57C2A7004D7016 /* Frameworks */,
				863F40512D57C2A7004D7016 /* Resources */,
			);
			buildRules = (
			);
			dependencies = (
			);
			name = "CoverUp!";
			productName = "CoverUp!";
			productReference = 863F40532D57C2A7004D7016 /* CoverUp!.app */;
			productType = "com.apple.product-type.application";
		};
		863F40682D57C2A7004D7016 /* CoverUp!Tests */ = {
			isa = PBXNativeTarget;
			buildConfigurationList = 863F40802D57C2A7004D7016 /* Build configuration list for PBXNativeTarget "CoverUp!Tests" */;
			buildPhases = (
				863F40652D57C2A7004D7016 /* Sources */,
				863F40662D57C2A7004D7016 /* Frameworks */,
				863F40672D57C2A7004D7016 /* Resources */,
			);
			buildRules = (
			);
			dependencies = (
				863F406B2D57C2A7004D7016 /* PBXTargetDependency */,
			);
			name = "CoverUp!Tests";
			productName = "CoverUp!Tests";
			productReference = 863F40692D57C2A7004D7016 /* CoverUp!Tests.xctest */;
			productType = "com.apple.product-type.bundle.unit-test";
		};
		863F40722D57C2A7004D7016 /* CoverUp!UITests */ = {
			isa = PBXNativeTarget;
			buildConfigurationList = 863F40832D57C2A7004D7016 /* Build configuration list for PBXNativeTarget "CoverUp!UITests" */;
			buildPhases = (
				863F406F2D57C2A7004D7016 /* Sources */,
				863F40702D57C2A7004D7016 /* Frameworks */,
				863F40712D57C2A7004D7016 /* Resources */,
			);
			buildRules = (
			);
			dependencies = (
				863F40752D57C2A7004D7016 /* PBXTargetDependency */,
			);
			name = "CoverUp!UITests";
			productName = "CoverUp!UITests";
			productReference = 863F40732D57C2A7004D7016 /* CoverUp!UITests.xctest */;
			productType = "com.apple.product-type.bundle.ui-testing";
		};
/* End PBXNativeTarget section */

/* Begin PBXProject section */
		863F404B2D57C2A6004D7016 /* Project object */ = {
			isa = PBXProject;
			attributes = {
				BuildIndependentTargetsInParallel = 1;
				LastSwiftUpdateCheck = 1430;
				LastUpgradeCheck = 1430;
				TargetAttributes = {
					863F40522D57C2A7004D7016 = {
						CreatedOnToolsVersion = 14.3;
					};
					863F40682D57C2A7004D7016 = {
						CreatedOnToolsVersion = 14.3;
						TestTargetID = 863F40522D57C2A7004D7016;
					};
					863F40722D57C2A7004D7016 = {
						CreatedOnToolsVersion = 14.3;
						TestTargetID = 863F40522D57C2A7004D7016;
					};
				};
			};
			buildConfigurationList = 863F404E2D57C2A6004D7016 /* Build configuration list for PBXProject "CoverUp!" */;
			compatibilityVersion = "Xcode 14.0";
			developmentRegion = en;
			hasScannedForEncodings = 0;
			knownRegions = (
				en,
				Base,
			);
			mainGroup = 863F404A2D57C2A6004D7016;
			productRefGroup = 863F40542D57C2A7004D7016 /* Products */;
			projectDirPath = "";
			projectRoot = "";
			targets = (
				863F40522D57C2A7004D7016 /* CoverUp! */,
				863F40682D57C2A7004D7016 /* CoverUp!Tests */,
				863F40722D57C2A7004D7016 /* CoverUp!UITests */,
			);
		};
/* End PBXProject section */

/* Begin PBXResourcesBuildPhase section */
		863F40512D57C2A7004D7016 /* Resources */ = {
			isa = PBXResourcesBuildPhase;
			buildActionMask = 2147483647;
			files = (
				863F40632D57C2A7004D7016 /* LaunchScreen.storyboard in Resources */,
				863F40602D57C2A7004D7016 /* Assets.xcassets in Resources */,
				863F405E2D57C2A7004D7016 /* Main.storyboard in Resources */,
			);
			runOnlyForDeploymentPostprocessing = 0;
		};
		863F40672D57C2A7004D7016 /* Resources */ = {
			isa = PBXResourcesBuildPhase;
			buildActionMask = 2147483647;
			files = (
			);
			runOnlyForDeploymentPostprocessing = 0;
		};
		863F40712D57C2A7004D7016 /* Resources */ = {
			isa = PBXResourcesBuildPhase;
			buildActionMask = 2147483647;
			files = (
			);
			runOnlyForDeploymentPostprocessing = 0;
		};
/* End PBXResourcesBuildPhase section */

/* Begin PBXSourcesBuildPhase section */
		863F404F2D57C2A7004D7016 /* Sources */ = {
			isa = PBXSourcesBuildPhase;
			buildActionMask = 2147483647;
			files = (
				863F405B2D57C2A7004D7016 /* ViewController.swift in Sources */,
				863F40572D57C2A7004D7016 /* AppDelegate.swift in Sources */,
				863F40592D57C2A7004D7016 /* SceneDelegate.swift in Sources */,
			);
			runOnlyForDeploymentPostprocessing = 0;
		};
		863F40652D57C2A7004D7016 /* Sources */ = {
			isa = PBXSourcesBuildPhase;
			buildActionMask = 2147483647;
			files = (
				863F406E2D57C2A7004D7016 /* CoverUp_Tests.swift in Sources */,
			);
			runOnlyForDeploymentPostprocessing = 0;
		};
		863F406F2D57C2A7004D7016 /* Sources */ = {
			isa = PBXSourcesBuildPhase;
			buildActionMask = 2147483647;
			files = (
				863F407A2D57C2A7004D7016 /* CoverUp_UITestsLaunchTests.swift in Sources */,
				863F40782D57C2A7004D7016 /* CoverUp_UITests.swift in Sources */,
			);
			runOnlyForDeploymentPostprocessing = 0;
		};
/* End PBXSourcesBuildPhase section */

/* Begin PBXTargetDependency section */
		863F406B2D57C2A7004D7016 /* PBXTargetDependency */ = {
			isa = PBXTargetDependency;
			target = 863F40522D57C2A7004D7016 /* CoverUp! */;
			targetProxy = 863F406A2D57C2A7004D7016 /* PBXContainerItemProxy */;
		};
		863F40752D57C2A7004D7016 /* PBXTargetDependency */ = {
			isa = PBXTargetDependency;
			target = 863F40522D57C2A7004D7016 /* CoverUp! */;
			targetProxy = 863F40742D57C2A7004D7016 /* PBXContainerItemProxy */;
		};
/* End PBXTargetDependency section */

/* Begin PBXVariantGroup section */
		863F405C2D57C2A7004D7016 /* Main.storyboard */ = {
			isa = PBXVariantGroup;
			children = (
				863F405D2D57C2A7004D7016 /* Base */,
			);
			name = Main.storyboard;
			sourceTree = "<group>";
		};
		863F40612D57C2A7004D7016 /* LaunchScreen.storyboard */ = {
			isa = PBXVariantGroup;
			children = (
				863F40622D57C2A7004D7016 /* Base */,
			);
			name = LaunchScreen.storyboard;
			sourceTree = "<group>";
		};
/* End PBXVariantGroup section */

/* Begin XCBuildConfiguration section */
		863F407B2D57C2A7004D7016 /* Debug */ = {
			isa = XCBuildConfiguration;
			buildSettings = {
				ALWAYS_SEARCH_USER_PATHS = NO;
				CLANG_ANALYZER_NONNULL = YES;
				CLANG_ANALYZER_NUMBER_OBJECT_CONVERSION = YES_AGGRESSIVE;
				CLANG_CXX_LANGUAGE_STANDARD = "gnu++20";
				CLANG_ENABLE_MODULES = YES;
				CLANG_ENABLE_OBJC_ARC = YES;
				CLANG_ENABLE_OBJC_WEAK = YES;
				CLANG_WARN_BLOCK_CAPTURE_AUTORELEASING = YES;
				CLANG_WARN_BOOL_CONVERSION = YES;
				CLANG_WARN_COMMA = YES;
				CLANG_WARN_CONSTANT_CONVERSION = YES;
				CLANG_WARN_DEPRECATED_OBJC_IMPLEMENTATIONS = YES;
				CLANG_WARN_DIRECT_OBJC_ISA_USAGE = YES_ERROR;
				CLANG_WARN_DOCUMENTATION_COMMENTS = YES;
				CLANG_WARN_EMPTY_BODY = YES;
				CLANG_WARN_ENUM_CONVERSION = YES;
				CLANG_WARN_INFINITE_RECURSION = YES;
				CLANG_WARN_INT_CONVERSION = YES;
				CLANG_WARN_NON_LITERAL_NULL_CONVERSION = YES;
				CLANG_WARN_OBJC_IMPLICIT_RETAIN_SELF = YES;
				CLANG_WARN_OBJC_LITERAL_CONVERSION = YES;
				CLANG_WARN_OBJC_ROOT_CLASS = YES_ERROR;
				CLANG_WARN_QUOTED_INCLUDE_IN_FRAMEWORK_HEADER = YES;
				CLANG_WARN_RANGE_LOOP_ANALYSIS = YES;
				CLANG_WARN_STRICT_PROTOTYPES = YES;
				CLANG_WARN_SUSPICIOUS_MOVE = YES;
				CLANG_WARN_UNGUARDED_AVAILABILITY = YES_AGGRESSIVE;
				CLANG_WARN_UNREACHABLE_CODE = YES;
				CLANG_WARN__DUPLICATE_METHOD_MATCH = YES;
				COPY_PHASE_STRIP = NO;
				DEBUG_INFORMATION_FORMAT = dwarf;
				ENABLE_STRICT_OBJC_MSGSEND = YES;
				ENABLE_TESTABILITY = YES;
				GCC_C_LANGUAGE_STANDARD = gnu11;
				GCC_DYNAMIC_NO_PIC = NO;
				GCC_NO_COMMON_BLOCKS = YES;
				GCC_OPTIMIZATION_LEVEL = 0;
				GCC_PREPROCESSOR_DEFINITIONS = (
					"DEBUG=1",
					"$(inherited)",
				);
				GCC_WARN_64_TO_32_BIT_CONVERSION = YES;
				GCC_WARN_ABOUT_RETURN_TYPE = YES_ERROR;
				GCC_WARN_UNDECLARED_SELECTOR = YES;
				GCC_WARN_UNINITIALIZED_AUTOS = YES_AGGRESSIVE;
				GCC_WARN_UNUSED_FUNCTION = YES;
				GCC_WARN_UNUSED_VARIABLE = YES;
				IPHONEOS_DEPLOYMENT_TARGET = 16.4;
				MTL_ENABLE_DEBUG_INFO = INCLUDE_SOURCE;
				MTL_FAST_MATH = YES;
				ONLY_ACTIVE_ARCH = YES;
				SDKROOT = iphoneos;
				SWIFT_ACTIVE_COMPILATION_CONDITIONS = DEBUG;
				SWIFT_OPTIMIZATION_LEVEL = "-Onone";
			};
			name = Debug;
		};
		863F407C2D57C2A7004D7016 /* Release */ = {
			isa = XCBuildConfiguration;
			buildSettings = {
				ALWAYS_SEARCH_USER_PATHS = NO;
				CLANG_ANALYZER_NONNULL = YES;
				CLANG_ANALYZER_NUMBER_OBJECT_CONVERSION = YES_AGGRESSIVE;
				CLANG_CXX_LANGUAGE_STANDARD = "gnu++20";
				CLANG_ENABLE_MODULES = YES;
				CLANG_ENABLE_OBJC_ARC = YES;
				CLANG_ENABLE_OBJC_WEAK = YES;
				CLANG_WARN_BLOCK_CAPTURE_AUTORELEASING = YES;
				CLANG_WARN_BOOL_CONVERSION = YES;
				CLANG_WARN_COMMA = YES;
				CLANG_WARN_CONSTANT_CONVERSION = YES;
				CLANG_WARN_DEPRECATED_OBJC_IMPLEMENTATIONS = YES;
				CLANG_WARN_DIRECT_OBJC_ISA_USAGE = YES_ERROR;
				CLANG_WARN_DOCUMENTATION_COMMENTS = YES;
				CLANG_WARN_EMPTY_BODY = YES;
				CLANG_WARN_ENUM_CONVERSION = YES;
				CLANG_WARN_INFINITE_RECURSION = YES;
				CLANG_WARN_INT_CONVERSION = YES;
				CLANG_WARN_NON_LITERAL_NULL_CONVERSION = YES;
				CLANG_WARN_OBJC_IMPLICIT_RETAIN_SELF = YES;
				CLANG_WARN_OBJC_LITERAL_CONVERSION = YES;
				CLANG_WARN_OBJC_ROOT_CLASS = YES_ERROR;
				CLANG_WARN_QUOTED_INCLUDE_IN_FRAMEWORK_HEADER = YES;
				CLANG_WARN_RANGE_LOOP_ANALYSIS = YES;
				CLANG_WARN_STRICT_PROTOTYPES = YES;
				CLANG_WARN_SUSPICIOUS_MOVE = YES;
				CLANG_WARN_UNGUARDED_AVAILABILITY = YES_AGGRESSIVE;
				CLANG_WARN_UNREACHABLE_CODE = YES;
				CLANG_WARN__DUPLICATE_METHOD_MATCH = YES;
				COPY_PHASE_STRIP = NO;
				DEBUG_INFORMATION_FORMAT = "dwarf-with-dsym";
				ENABLE_NS_ASSERTIONS = NO;
				ENABLE_STRICT_OBJC_MSGSEND = YES;
				GCC_C_LANGUAGE_STANDARD = gnu11;
				GCC_NO_COMMON_BLOCKS = YES;
				GCC_WARN_64_TO_32_BIT_CONVERSION = YES;
				GCC_WARN_ABOUT_RETURN_TYPE = YES_ERROR;
				GCC_WARN_UNDECLARED_SELECTOR = YES;
				GCC_WARN_UNINITIALIZED_AUTOS = YES_AGGRESSIVE;
				GCC_WARN_UNUSED_FUNCTION = YES;
				GCC_WARN_UNUSED_VARIABLE = YES;
				IPHONEOS_DEPLOYMENT_TARGET = 16.4;
				MTL_ENABLE_DEBUG_INFO = NO;
				MTL_FAST_MATH = YES;
				SDKROOT = iphoneos;
				SWIFT_COMPILATION_MODE = wholemodule;
				SWIFT_OPTIMIZATION_LEVEL = "-O";
				VALIDATE_PRODUCT = YES;
			};
			name = Release;
		};
		863F407E2D57C2A7004D7016 /* Debug */ = {
			isa = XCBuildConfiguration;
			buildSettings = {
				ASSETCATALOG_COMPILER_APPICON_NAME = AppIcon;
				ASSETCATALOG_COMPILER_GLOBAL_ACCENT_COLOR_NAME = AccentColor;
				CODE_SIGN_STYLE = Automatic;
				CURRENT_PROJECT_VERSION = 1;
				GENERATE_INFOPLIST_FILE = YES;
				INFOPLIST_FILE = "CoverUp!/Info.plist";
				INFOPLIST_KEY_UIApplicationSupportsIndirectInputEvents = YES;
				INFOPLIST_KEY_UILaunchStoryboardName = LaunchScreen;
				INFOPLIST_KEY_UIMainStoryboardFile = Main;
				INFOPLIST_KEY_UISupportedInterfaceOrientations_iPad = "UIInterfaceOrientationPortrait UIInterfaceOrientationPortraitUpsideDown UIInterfaceOrientationLandscapeLeft UIInterfaceOrientationLandscapeRight";
				INFOPLIST_KEY_UISupportedInterfaceOrientations_iPhone = "UIInterfaceOrientationPortrait UIInterfaceOrientationLandscapeLeft UIInterfaceOrientationLandscapeRight";
				LD_RUNPATH_SEARCH_PATHS = (
					"$(inherited)",
					"@executable_path/Frameworks",
				);
				MARKETING_VERSION = 1.0;
				PRODUCT_BUNDLE_IDENTIFIER = "harini.CoverUp-";
				PRODUCT_NAME = "$(TARGET_NAME)";
				SWIFT_EMIT_LOC_STRINGS = YES;
				SWIFT_VERSION = 5.0;
				TARGETED_DEVICE_FAMILY = "1,2";
			};
			name = Debug;
		};
		863F407F2D57C2A7004D7016 /* Release */ = {
			isa = XCBuildConfiguration;
			buildSettings = {
				ASSETCATALOG_COMPILER_APPICON_NAME = AppIcon;
				ASSETCATALOG_COMPILER_GLOBAL_ACCENT_COLOR_NAME = AccentColor;
				CODE_SIGN_STYLE = Automatic;
				CURRENT_PROJECT_VERSION = 1;
				GENERATE_INFOPLIST_FILE = YES;
				INFOPLIST_FILE = "CoverUp!/Info.plist";
				INFOPLIST_KEY_UIApplicationSupportsIndirectInputEvents = YES;
				INFOPLIST_KEY_UILaunchStoryboardName = LaunchScreen;
				INFOPLIST_KEY_UIMainStoryboardFile = Main;
				INFOPLIST_KEY_UISupportedInterfaceOrientations_iPad = "UIInterfaceOrientationPortrait UIInterfaceOrientationPortraitUpsideDown UIInterfaceOrientationLandscapeLeft UIInterfaceOrientationLandscapeRight";
				INFOPLIST_KEY_UISupportedInterfaceOrientations_iPhone = "UIInterfaceOrientationPortrait UIInterfaceOrientationLandscapeLeft UIInterfaceOrientationLandscapeRight";
				LD_RUNPATH_SEARCH_PATHS = (
					"$(inherited)",
					"@executable_path/Frameworks",
				);
				MARKETING_VERSION = 1.0;
				PRODUCT_BUNDLE_IDENTIFIER = "harini.CoverUp-";
				PRODUCT_NAME = "$(TARGET_NAME)";
				SWIFT_EMIT_LOC_STRINGS = YES;
				SWIFT_VERSION = 5.0;
				TARGETED_DEVICE_FAMILY = "1,2";
			};
			name = Release;
		};
		863F40812D57C2A7004D7016 /* Debug */ = {
			isa = XCBuildConfiguration;
			buildSettings = {
				ALWAYS_EMBED_SWIFT_STANDARD_LIBRARIES = YES;
				BUNDLE_LOADER = "$(TEST_HOST)";
				CODE_SIGN_STYLE = Automatic;
				CURRENT_PROJECT_VERSION = 1;
				GENERATE_INFOPLIST_FILE = YES;
				IPHONEOS_DEPLOYMENT_TARGET = 16.4;
				MARKETING_VERSION = 1.0;
				PRODUCT_BUNDLE_IDENTIFIER = "harini.CoverUp-Tests";
				PRODUCT_NAME = "$(TARGET_NAME)";
				SWIFT_EMIT_LOC_STRINGS = NO;
				SWIFT_VERSION = 5.0;
				TARGETED_DEVICE_FAMILY = "1,2";
				TEST_HOST = "$(BUILT_PRODUCTS_DIR)/CoverUp!.app/$(BUNDLE_EXECUTABLE_FOLDER_PATH)/CoverUp!";
			};
			name = Debug;
		};
		863F40822D57C2A7004D7016 /* Release */ = {
			isa = XCBuildConfiguration;
			buildSettings = {
				ALWAYS_EMBED_SWIFT_STANDARD_LIBRARIES = YES;
				BUNDLE_LOADER = "$(TEST_HOST)";
				CODE_SIGN_STYLE = Automatic;
				CURRENT_PROJECT_VERSION = 1;
				GENERATE_INFOPLIST_FILE = YES;
				IPHONEOS_DEPLOYMENT_TARGET = 16.4;
				MARKETING_VERSION = 1.0;
				PRODUCT_BUNDLE_IDENTIFIER = "harini.CoverUp-Tests";
				PRODUCT_NAME = "$(TARGET_NAME)";
				SWIFT_EMIT_LOC_STRINGS = NO;
				SWIFT_VERSION = 5.0;
				TARGETED_DEVICE_FAMILY = "1,2";
				TEST_HOST = "$(BUILT_PRODUCTS_DIR)/CoverUp!.app/$(BUNDLE_EXECUTABLE_FOLDER_PATH)/CoverUp!";
			};
			name = Release;
		};
		863F40842D57C2A7004D7016 /* Debug */ = {
			isa = XCBuildConfiguration;
			buildSettings = {
				ALWAYS_EMBED_SWIFT_STANDARD_LIBRARIES = YES;
				CODE_SIGN_STYLE = Automatic;
				CURRENT_PROJECT_VERSION = 1;
				GENERATE_INFOPLIST_FILE = YES;
				MARKETING_VERSION = 1.0;
				PRODUCT_BUNDLE_IDENTIFIER = "harini.CoverUp-UITests";
				PRODUCT_NAME = "$(TARGET_NAME)";
				SWIFT_EMIT_LOC_STRINGS = NO;
				SWIFT_VERSION = 5.0;
				TARGETED_DEVICE_FAMILY = "1,2";
				TEST_TARGET_NAME = "CoverUp!";
			};
			name = Debug;
		};
		863F40852D57C2A7004D7016 /* Release */ = {
			isa = XCBuildConfiguration;
			buildSettings = {
				ALWAYS_EMBED_SWIFT_STANDARD_LIBRARIES = YES;
				CODE_SIGN_STYLE = Automatic;
				CURRENT_PROJECT_VERSION = 1;
				GENERATE_INFOPLIST_FILE = YES;
				MARKETING_VERSION = 1.0;
				PRODUCT_BUNDLE_IDENTIFIER = "harini.CoverUp-UITests";
				PRODUCT_NAME = "$(TARGET_NAME)";
				SWIFT_EMIT_LOC_STRINGS = NO;
				SWIFT_VERSION = 5.0;
				TARGETED_DEVICE_FAMILY = "1,2";
				TEST_TARGET_NAME = "CoverUp!";
			};
			name = Release;
		};
/* End XCBuildConfiguration section */

/* Begin XCConfigurationList section */
		863F404E2D57C2A6004D7016 /* Build configuration list for PBXProject "CoverUp!" */ = {
			isa = XCConfigurationList;
			buildConfigurations = (
				863F407B2D57C2A7004D7016 /* Debug */,
				863F407C2D57C2A7004D7016 /* Release */,
			);
			defaultConfigurationIsVisible = 0;
			defaultConfigurationName = Release;
		};
		863F407D2D57C2A7004D7016 /* Build configuration list for PBXNativeTarget "CoverUp!" */ = {
			isa = XCConfigurationList;
			buildConfigurations = (
				863F407E2D57C2A7004D7016 /* Debug */,
				863F407F2D57C2A7004D7016 /* Release */,
			);
			defaultConfigurationIsVisible = 0;
			defaultConfigurationName = Release;
		};
		863F40802D57C2A7004D7016 /* Build configuration list for PBXNativeTarget "CoverUp!Tests" */ = {
			isa = XCConfigurationList;
			buildConfigurations = (
				863F40812D57C2A7004D7016 /* Debug */,
				863F40822D57C2A7004D7016 /* Release */,
			);
			defaultConfigurationIsVisible = 0;
			defaultConfigurationName = Release;
		};
		863F40832D57C2A7004D7016 /* Build configuration list for PBXNativeTarget "CoverUp!UITests" */ = {
			isa = XCConfigurationList;
			buildConfigurations = (
				863F40842D57C2A7004D7016 /* Debug */,
				863F40852D57C2A7004D7016 /* Release */,
			);
			defaultConfigurationIsVisible = 0;
			defaultConfigurationName = Release;
		};
/* End XCConfigurationList section */
	};
	rootObject = 863F404B2D57C2A6004D7016 /* Project object */;
}
